// !$*UTF8*$!
{
	archiveVersion = 1;
	classes = {
	};
	objectVersion = 56;
	objects = {

/* Begin PBXBuildFile section */
		04E4DD6529E10957003E55A7 /* AppDelegate.swift in Sources */ = {isa = PBXBuildFile; fileRef = 04E4DD6429E10957003E55A7 /* AppDelegate.swift */; };
		04E4DD6729E10957003E55A7 /* SceneDelegate.swift in Sources */ = {isa = PBXBuildFile; fileRef = 04E4DD6629E10957003E55A7 /* SceneDelegate.swift */; };
		04E4DD6929E10957003E55A7 /* ViewController.swift in Sources */ = {isa = PBXBuildFile; fileRef = 04E4DD6829E10957003E55A7 /* ViewController.swift */; };
		04E4DD6C29E10957003E55A7 /* Main.storyboard in Resources */ = {isa = PBXBuildFile; fileRef = 04E4DD6A29E10957003E55A7 /* Main.storyboard */; };
		04E4DD6E29E10958003E55A7 /* Assets.xcassets in Resources */ = {isa = PBXBuildFile; fileRef = 04E4DD6D29E10958003E55A7 /* Assets.xcassets */; };
		04E4DD7129E10958003E55A7 /* LaunchScreen.storyboard in Resources */ = {isa = PBXBuildFile; fileRef = 04E4DD6F29E10958003E55A7 /* LaunchScreen.storyboard */; };
		04E4DD7929E1097F003E55A7 /* TableCellProtocol.swift in Sources */ = {isa = PBXBuildFile; fileRef = 04E4DD7829E1097F003E55A7 /* TableCellProtocol.swift */; };
		04E4DD7B29E10996003E55A7 /* TableViewProtocol.swift in Sources */ = {isa = PBXBuildFile; fileRef = 04E4DD7A29E10996003E55A7 /* TableViewProtocol.swift */; };
		04E4DD7D29E109B9003E55A7 /* TableViewImpl.swift in Sources */ = {isa = PBXBuildFile; fileRef = 04E4DD7C29E109B9003E55A7 /* TableViewImpl.swift */; };
		04E4DD7F29E109DA003E55A7 /* MyModel.swift in Sources */ = {isa = PBXBuildFile; fileRef = 04E4DD7E29E109DA003E55A7 /* MyModel.swift */; };
		04E4DD8229E10AFF003E55A7 /* MyTableViewCell.swift in Sources */ = {isa = PBXBuildFile; fileRef = 04E4DD8029E10AFF003E55A7 /* MyTableViewCell.swift */; };
		04E4DD8329E10AFF003E55A7 /* MyTableViewCell.xib in Resources */ = {isa = PBXBuildFile; fileRef = 04E4DD8129E10AFF003E55A7 /* MyTableViewCell.xib */; };
		04E4DD8B29E10DE4003E55A7 /* DemoListVC.swift in Sources */ = {isa = PBXBuildFile; fileRef = 04E4DD8A29E10DE4003E55A7 /* DemoListVC.swift */; };
/* End PBXBuildFile section */

/* Begin PBXFileReference section */
		04E4DD6129E10957003E55A7 /* GPTTest.app */ = {isa = PBXFileReference; explicitFileType = wrapper.application; includeInIndex = 0; path = GPTTest.app; sourceTree = BUILT_PRODUCTS_DIR; };
		04E4DD6429E10957003E55A7 /* AppDelegate.swift */ = {isa = PBXFileReference; lastKnownFileType = sourcecode.swift; path = AppDelegate.swift; sourceTree = "<group>"; };
		04E4DD6629E10957003E55A7 /* SceneDelegate.swift */ = {isa = PBXFileReference; lastKnownFileType = sourcecode.swift; path = SceneDelegate.swift; sourceTree = "<group>"; };
		04E4DD6829E10957003E55A7 /* ViewController.swift */ = {isa = PBXFileReference; lastKnownFileType = sourcecode.swift; path = ViewController.swift; sourceTree = "<group>"; };
		04E4DD6B29E10957003E55A7 /* Base */ = {isa = PBXFileReference; lastKnownFileType = file.storyboard; name = Base; path = Base.lproj/Main.storyboard; sourceTree = "<group>"; };
		04E4DD6D29E10958003E55A7 /* Assets.xcassets */ = {isa = PBXFileReference; lastKnownFileType = folder.assetcatalog; path = Assets.xcassets; sourceTree = "<group>"; };
		04E4DD7029E10958003E55A7 /* Base */ = {isa = PBXFileReference; lastKnownFileType = file.storyboard; name = Base; path = Base.lproj/LaunchScreen.storyboard; sourceTree = "<group>"; };
		04E4DD7229E10958003E55A7 /* Info.plist */ = {isa = PBXFileReference; lastKnownFileType = text.plist.xml; path = Info.plist; sourceTree = "<group>"; };
		04E4DD7829E1097F003E55A7 /* TableCellProtocol.swift */ = {isa = PBXFileReference; lastKnownFileType = sourcecode.swift; path = TableCellProtocol.swift; sourceTree = "<group>"; };
		04E4DD7A29E10996003E55A7 /* TableViewProtocol.swift */ = {isa = PBXFileReference; lastKnownFileType = sourcecode.swift; path = TableViewProtocol.swift; sourceTree = "<group>"; };
		04E4DD7C29E109B9003E55A7 /* TableViewImpl.swift */ = {isa = PBXFileReference; lastKnownFileType = sourcecode.swift; path = TableViewImpl.swift; sourceTree = "<group>"; };
		04E4DD7E29E109DA003E55A7 /* MyModel.swift */ = {isa = PBXFileReference; lastKnownFileType = sourcecode.swift; path = MyModel.swift; sourceTree = "<group>"; };
		04E4DD8029E10AFF003E55A7 /* MyTableViewCell.swift */ = {isa = PBXFileReference; lastKnownFileType = sourcecode.swift; path = MyTableViewCell.swift; sourceTree = "<group>"; };
		04E4DD8129E10AFF003E55A7 /* MyTableViewCell.xib */ = {isa = PBXFileReference; lastKnownFileType = file.xib; path = MyTableViewCell.xib; sourceTree = "<group>"; };
		04E4DD8A29E10DE4003E55A7 /* DemoListVC.swift */ = {isa = PBXFileReference; lastKnownFileType = sourcecode.swift; path = DemoListVC.swift; sourceTree = "<group>"; };
/* End PBXFileReference section */

/* Begin PBXFrameworksBuildPhase section */
		04E4DD5E29E10957003E55A7 /* Frameworks */ = {
			isa = PBXFrameworksBuildPhase;
			buildActionMask = 2147483647;
			files = (
			);
			runOnlyForDeploymentPostprocessing = 0;
		};
/* End PBXFrameworksBuildPhase section */

/* Begin PBXGroup section */
		04E4DD5829E10957003E55A7 = {
			isa = PBXGroup;
			children = (
				04E4DD6329E10957003E55A7 /* GPTTest */,
				04E4DD6229E10957003E55A7 /* Products */,
			);
			sourceTree = "<group>";
		};
		04E4DD6229E10957003E55A7 /* Products */ = {
			isa = PBXGroup;
			children = (
				04E4DD6129E10957003E55A7 /* GPTTest.app */,
			);
			name = Products;
			sourceTree = "<group>";
		};
		04E4DD6329E10957003E55A7 /* GPTTest */ = {
			isa = PBXGroup;
			children = (
				04E4DD8429E10C5F003E55A7 /* List */,
				04E4DD7229E10958003E55A7 /* Info.plist */,
				04E4DD8C29E10E37003E55A7 /* other */,
				04E4DD6829E10957003E55A7 /* ViewController.swift */,
			);
			path = GPTTest;
			sourceTree = "<group>";
		};
		04E4DD8429E10C5F003E55A7 /* List */ = {
			isa = PBXGroup;
			children = (
				04E4DD8929E10DB4003E55A7 /* imp */,
				04E4DD8829E10D95003E55A7 /* protocol */,
				04E4DD8729E10D8D003E55A7 /* model */,
				04E4DD8629E10D89003E55A7 /* view */,
				04E4DD8529E10D85003E55A7 /* vc */,
			);
			path = List;
			sourceTree = "<group>";
		};
		04E4DD8529E10D85003E55A7 /* vc */ = {
			isa = PBXGroup;
			children = (
				04E4DD8A29E10DE4003E55A7 /* DemoListVC.swift */,
			);
			path = vc;
			sourceTree = "<group>";
		};
		04E4DD8629E10D89003E55A7 /* view */ = {
			isa = PBXGroup;
			children = (
				04E4DD8029E10AFF003E55A7 /* MyTableViewCell.swift */,
				04E4DD8129E10AFF003E55A7 /* MyTableViewCell.xib */,
			);
			path = view;
			sourceTree = "<group>";
		};
		04E4DD8729E10D8D003E55A7 /* model */ = {
			isa = PBXGroup;
			children = (
				04E4DD7E29E109DA003E55A7 /* MyModel.swift */,
			);
			path = model;
			sourceTree = "<group>";
		};
		04E4DD8829E10D95003E55A7 /* protocol */ = {
			isa = PBXGroup;
			children = (
				04E4DD7A29E10996003E55A7 /* TableViewProtocol.swift */,
				04E4DD7829E1097F003E55A7 /* TableCellProtocol.swift */,
			);
			path = protocol;
			sourceTree = "<group>";
		};
		04E4DD8929E10DB4003E55A7 /* imp */ = {
			isa = PBXGroup;
			children = (
				04E4DD7C29E109B9003E55A7 /* TableViewImpl.swift */,
			);
			path = imp;
			sourceTree = "<group>";
		};
		04E4DD8C29E10E37003E55A7 /* other */ = {
			isa = PBXGroup;
			children = (
				04E4DD6429E10957003E55A7 /* AppDelegate.swift */,
				04E4DD6629E10957003E55A7 /* SceneDelegate.swift */,
				04E4DD6A29E10957003E55A7 /* Main.storyboard */,
				04E4DD6D29E10958003E55A7 /* Assets.xcassets */,
				04E4DD6F29E10958003E55A7 /* LaunchScreen.storyboard */,
			);
			path = other;
			sourceTree = "<group>";
		};
/* End PBXGroup section */

/* Begin PBXNativeTarget section */
		04E4DD6029E10957003E55A7 /* GPTTest */ = {
			isa = PBXNativeTarget;
			buildConfigurationList = 04E4DD7529E10958003E55A7 /* Build configuration list for PBXNativeTarget "GPTTest" */;
			buildPhases = (
				04E4DD5D29E10957003E55A7 /* Sources */,
				04E4DD5E29E10957003E55A7 /* Frameworks */,
				04E4DD5F29E10957003E55A7 /* Resources */,
			);
			buildRules = (
			);
			dependencies = (
			);
			name = GPTTest;
			productName = GPTTest;
			productReference = 04E4DD6129E10957003E55A7 /* GPTTest.app */;
			productType = "com.apple.product-type.application";
		};
/* End PBXNativeTarget section */

/* Begin PBXProject section */
		04E4DD5929E10957003E55A7 /* Project object */ = {
			isa = PBXProject;
			attributes = {
				BuildIndependentTargetsInParallel = 1;
				LastSwiftUpdateCheck = 1420;
				LastUpgradeCheck = 1420;
				TargetAttributes = {
					04E4DD6029E10957003E55A7 = {
						CreatedOnToolsVersion = 14.2;
					};
				};
			};
			buildConfigurationList = 04E4DD5C29E10957003E55A7 /* Build configuration list for PBXProject "GPTTest" */;
			compatibilityVersion = "Xcode 14.0";
			developmentRegion = en;
			hasScannedForEncodings = 0;
			knownRegions = (
				en,
				Base,
			);
			mainGroup = 04E4DD5829E10957003E55A7;
			productRefGroup = 04E4DD6229E10957003E55A7 /* Products */;
			projectDirPath = "";
			projectRoot = "";
			targets = (
				04E4DD6029E10957003E55A7 /* GPTTest */,
			);
		};
/* End PBXProject section */

/* Begin PBXResourcesBuildPhase section */
		04E4DD5F29E10957003E55A7 /* Resources */ = {
			isa = PBXResourcesBuildPhase;
			buildActionMask = 2147483647;
			files = (
				04E4DD7129E10958003E55A7 /* LaunchScreen.storyboard in Resources */,
				04E4DD8329E10AFF003E55A7 /* MyTableViewCell.xib in Resources */,
				04E4DD6E29E10958003E55A7 /* Assets.xcassets in Resources */,
				04E4DD6C29E10957003E55A7 /* Main.storyboard in Resources */,
			);
			runOnlyForDeploymentPostprocessing = 0;
		};
/* End PBXResourcesBuildPhase section */

/* Begin PBXSourcesBuildPhase section */
		04E4DD5D29E10957003E55A7 /* Sources */ = {
			isa = PBXSourcesBuildPhase;
			buildActionMask = 2147483647;
			files = (
				04E4DD7929E1097F003E55A7 /* TableCellProtocol.swift in Sources */,
				04E4DD8229E10AFF003E55A7 /* MyTableViewCell.swift in Sources */,
				04E4DD6929E10957003E55A7 /* ViewController.swift in Sources */,
				04E4DD6529E10957003E55A7 /* AppDelegate.swift in Sources */,
				04E4DD7D29E109B9003E55A7 /* TableViewImpl.swift in Sources */,
				04E4DD8B29E10DE4003E55A7 /* DemoListVC.swift in Sources */,
				04E4DD7F29E109DA003E55A7 /* MyModel.swift in Sources */,
				04E4DD7B29E10996003E55A7 /* TableViewProtocol.swift in Sources */,
				04E4DD6729E10957003E55A7 /* SceneDelegate.swift in Sources */,
			);
			runOnlyForDeploymentPostprocessing = 0;
		};
/* End PBXSourcesBuildPhase section */

/* Begin PBXVariantGroup section */
		04E4DD6A29E10957003E55A7 /* Main.storyboard */ = {
			isa = PBXVariantGroup;
			children = (
				04E4DD6B29E10957003E55A7 /* Base */,
			);
			name = Main.storyboard;
			sourceTree = "<group>";
		};
		04E4DD6F29E10958003E55A7 /* LaunchScreen.storyboard */ = {
			isa = PBXVariantGroup;
			children = (
				04E4DD7029E10958003E55A7 /* Base */,
			);
			name = LaunchScreen.storyboard;
			sourceTree = "<group>";
		};
/* End PBXVariantGroup section */

/* Begin XCBuildConfiguration section */
		04E4DD7329E10958003E55A7 /* Debug */ = {
			isa = XCBuildConfiguration;
			buildSettings = {
				ALWAYS_SEARCH_USER_PATHS = NO;
				CLANG_ANALYZER_NONNULL = YES;
				CLANG_ANALYZER_NUMBER_OBJECT_CONVERSION = YES_AGGRESSIVE;
				CLANG_CXX_LANGUAGE_STANDARD = "gnu++20";
				CLANG_ENABLE_MODULES = YES;
				CLANG_ENABLE_OBJC_ARC = YES;
				CLANG_ENABLE_OBJC_WEAK = YES;
				CLANG_WARN_BLOCK_CAPTURE_AUTORELEASING = YES;
				CLANG_WARN_BOOL_CONVERSION = YES;
				CLANG_WARN_COMMA = YES;
				CLANG_WARN_CONSTANT_CONVERSION = YES;
				CLANG_WARN_DEPRECATED_OBJC_IMPLEMENTATIONS = YES;
				CLANG_WARN_DIRECT_OBJC_ISA_USAGE = YES_ERROR;
				CLANG_WARN_DOCUMENTATION_COMMENTS = YES;
				CLANG_WARN_EMPTY_BODY = YES;
				CLANG_WARN_ENUM_CONVERSION = YES;
				CLANG_WARN_INFINITE_RECURSION = YES;
				CLANG_WARN_INT_CONVERSION = YES;
				CLANG_WARN_NON_LITERAL_NULL_CONVERSION = YES;
				CLANG_WARN_OBJC_IMPLICIT_RETAIN_SELF = YES;
				CLANG_WARN_OBJC_LITERAL_CONVERSION = YES;
				CLANG_WARN_OBJC_ROOT_CLASS = YES_ERROR;
				CLANG_WARN_QUOTED_INCLUDE_IN_FRAMEWORK_HEADER = YES;
				CLANG_WARN_RANGE_LOOP_ANALYSIS = YES;
				CLANG_WARN_STRICT_PROTOTYPES = YES;
				CLANG_WARN_SUSPICIOUS_MOVE = YES;
				CLANG_WARN_UNGUARDED_AVAILABILITY = YES_AGGRESSIVE;
				CLANG_WARN_UNREACHABLE_CODE = YES;
				CLANG_WARN__DUPLICATE_METHOD_MATCH = YES;
				COPY_PHASE_STRIP = NO;
				DEBUG_INFORMATION_FORMAT = dwarf;
				ENABLE_STRICT_OBJC_MSGSEND = YES;
				ENABLE_TESTABILITY = YES;
				GCC_C_LANGUAGE_STANDARD = gnu11;
				GCC_DYNAMIC_NO_PIC = NO;
				GCC_NO_COMMON_BLOCKS = YES;
				GCC_OPTIMIZATION_LEVEL = 0;
				GCC_PREPROCESSOR_DEFINITIONS = (
					"DEBUG=1",
					"$(inherited)",
				);
				GCC_WARN_64_TO_32_BIT_CONVERSION = YES;
				GCC_WARN_ABOUT_RETURN_TYPE = YES_ERROR;
				GCC_WARN_UNDECLARED_SELECTOR = YES;
				GCC_WARN_UNINITIALIZED_AUTOS = YES_AGGRESSIVE;
				GCC_WARN_UNUSED_FUNCTION = YES;
				GCC_WARN_UNUSED_VARIABLE = YES;
				IPHONEOS_DEPLOYMENT_TARGET = 16.2;
				MTL_ENABLE_DEBUG_INFO = INCLUDE_SOURCE;
				MTL_FAST_MATH = YES;
				ONLY_ACTIVE_ARCH = YES;
				SDKROOT = iphoneos;
				SWIFT_ACTIVE_COMPILATION_CONDITIONS = DEBUG;
				SWIFT_OPTIMIZATION_LEVEL = "-Onone";
			};
			name = Debug;
		};
		04E4DD7429E10958003E55A7 /* Release */ = {
			isa = XCBuildConfiguration;
			buildSettings = {
				ALWAYS_SEARCH_USER_PATHS = NO;
				CLANG_ANALYZER_NONNULL = YES;
				CLANG_ANALYZER_NUMBER_OBJECT_CONVERSION = YES_AGGRESSIVE;
				CLANG_CXX_LANGUAGE_STANDARD = "gnu++20";
				CLANG_ENABLE_MODULES = YES;
				CLANG_ENABLE_OBJC_ARC = YES;
				CLANG_ENABLE_OBJC_WEAK = YES;
				CLANG_WARN_BLOCK_CAPTURE_AUTORELEASING = YES;
				CLANG_WARN_BOOL_CONVERSION = YES;
				CLANG_WARN_COMMA = YES;
				CLANG_WARN_CONSTANT_CONVERSION = YES;
				CLANG_WARN_DEPRECATED_OBJC_IMPLEMENTATIONS = YES;
				CLANG_WARN_DIRECT_OBJC_ISA_USAGE = YES_ERROR;
				CLANG_WARN_DOCUMENTATION_COMMENTS = YES;
				CLANG_WARN_EMPTY_BODY = YES;
				CLANG_WARN_ENUM_CONVERSION = YES;
				CLANG_WARN_INFINITE_RECURSION = YES;
				CLANG_WARN_INT_CONVERSION = YES;
				CLANG_WARN_NON_LITERAL_NULL_CONVERSION = YES;
				CLANG_WARN_OBJC_IMPLICIT_RETAIN_SELF = YES;
				CLANG_WARN_OBJC_LITERAL_CONVERSION = YES;
				CLANG_WARN_OBJC_ROOT_CLASS = YES_ERROR;
				CLANG_WARN_QUOTED_INCLUDE_IN_FRAMEWORK_HEADER = YES;
				CLANG_WARN_RANGE_LOOP_ANALYSIS = YES;
				CLANG_WARN_STRICT_PROTOTYPES = YES;
				CLANG_WARN_SUSPICIOUS_MOVE = YES;
				CLANG_WARN_UNGUARDED_AVAILABILITY = YES_AGGRESSIVE;
				CLANG_WARN_UNREACHABLE_CODE = YES;
				CLANG_WARN__DUPLICATE_METHOD_MATCH = YES;
				COPY_PHASE_STRIP = NO;
				DEBUG_INFORMATION_FORMAT = "dwarf-with-dsym";
				ENABLE_NS_ASSERTIONS = NO;
				ENABLE_STRICT_OBJC_MSGSEND = YES;
				GCC_C_LANGUAGE_STANDARD = gnu11;
				GCC_NO_COMMON_BLOCKS = YES;
				GCC_WARN_64_TO_32_BIT_CONVERSION = YES;
				GCC_WARN_ABOUT_RETURN_TYPE = YES_ERROR;
				GCC_WARN_UNDECLARED_SELECTOR = YES;
				GCC_WARN_UNINITIALIZED_AUTOS = YES_AGGRESSIVE;
				GCC_WARN_UNUSED_FUNCTION = YES;
				GCC_WARN_UNUSED_VARIABLE = YES;
				IPHONEOS_DEPLOYMENT_TARGET = 16.2;
				MTL_ENABLE_DEBUG_INFO = NO;
				MTL_FAST_MATH = YES;
				SDKROOT = iphoneos;
				SWIFT_COMPILATION_MODE = wholemodule;
				SWIFT_OPTIMIZATION_LEVEL = "-O";
				VALIDATE_PRODUCT = YES;
			};
			name = Release;
		};
		04E4DD7629E10958003E55A7 /* Debug */ = {
			isa = XCBuildConfiguration;
			buildSettings = {
				ASSETCATALOG_COMPILER_APPICON_NAME = AppIcon;
				ASSETCATALOG_COMPILER_GLOBAL_ACCENT_COLOR_NAME = AccentColor;
				CODE_SIGN_STYLE = Automatic;
				CURRENT_PROJECT_VERSION = 1;
				GENERATE_INFOPLIST_FILE = YES;
				INFOPLIST_FILE = GPTTest/Info.plist;
				INFOPLIST_KEY_UIApplicationSupportsIndirectInputEvents = YES;
				INFOPLIST_KEY_UILaunchStoryboardName = LaunchScreen;
				INFOPLIST_KEY_UIMainStoryboardFile = Main;
				INFOPLIST_KEY_UISupportedInterfaceOrientations_iPad = "UIInterfaceOrientationPortrait UIInterfaceOrientationPortraitUpsideDown UIInterfaceOrientationLandscapeLeft UIInterfaceOrientationLandscapeRight";
				INFOPLIST_KEY_UISupportedInterfaceOrientations_iPhone = "UIInterfaceOrientationPortrait UIInterfaceOrientationLandscapeLeft UIInterfaceOrientationLandscapeRight";
				LD_RUNPATH_SEARCH_PATHS = (
					"$(inherited)",
					"@executable_path/Frameworks",
				);
				MARKETING_VERSION = 1.0;
				PRODUCT_BUNDLE_IDENTIFIER = com.Test.GPTTest;
				PRODUCT_NAME = "$(TARGET_NAME)";
				SUPPORTED_PLATFORMS = "iphoneos iphonesimulator";
				SUPPORTS_MACCATALYST = NO;
				SUPPORTS_MAC_DESIGNED_FOR_IPHONE_IPAD = NO;
				SWIFT_EMIT_LOC_STRINGS = YES;
				SWIFT_VERSION = 5.0;
				TARGETED_DEVICE_FAMILY = 1;
			};
			name = Debug;
		};
		04E4DD7729E10958003E55A7 /* Release */ = {
			isa = XCBuildConfiguration;
			buildSettings = {
				ASSETCATALOG_COMPILER_APPICON_NAME = AppIcon;
				ASSETCATALOG_COMPILER_GLOBAL_ACCENT_COLOR_NAME = AccentColor;
				CODE_SIGN_STYLE = Automatic;
				CURRENT_PROJECT_VERSION = 1;
				GENERATE_INFOPLIST_FILE = YES;
				INFOPLIST_FILE = GPTTest/Info.plist;
				INFOPLIST_KEY_UIApplicationSupportsIndirectInputEvents = YES;
				INFOPLIST_KEY_UILaunchStoryboardName = LaunchScreen;
				INFOPLIST_KEY_UIMainStoryboardFile = Main;
				INFOPLIST_KEY_UISupportedInterfaceOrientations_iPad = "UIInterfaceOrientationPortrait UIInterfaceOrientationPortraitUpsideDown UIInterfaceOrientationLandscapeLeft UIInterfaceOrientationLandscapeRight";
				INFOPLIST_KEY_UISupportedInterfaceOrientations_iPhone = "UIInterfaceOrientationPortrait UIInterfaceOrientationLandscapeLeft UIInterfaceOrientationLandscapeRight";
				LD_RUNPATH_SEARCH_PATHS = (
					"$(inherited)",
					"@executable_path/Frameworks",
				);
				MARKETING_VERSION = 1.0;
				PRODUCT_BUNDLE_IDENTIFIER = com.Test.GPTTest;
				PRODUCT_NAME = "$(TARGET_NAME)";
				SUPPORTED_PLATFORMS = "iphoneos iphonesimulator";
				SUPPORTS_MACCATALYST = NO;
				SUPPORTS_MAC_DESIGNED_FOR_IPHONE_IPAD = NO;
				SWIFT_EMIT_LOC_STRINGS = YES;
				SWIFT_VERSION = 5.0;
				TARGETED_DEVICE_FAMILY = 1;
			};
			name = Release;
		};
/* End XCBuildConfiguration section */

/* Begin XCConfigurationList section */
		04E4DD5C29E10957003E55A7 /* Build configuration list for PBXProject "GPTTest" */ = {
			isa = XCConfigurationList;
			buildConfigurations = (
				04E4DD7329E10958003E55A7 /* Debug */,
				04E4DD7429E10958003E55A7 /* Release */,
			);
			defaultConfigurationIsVisible = 0;
			defaultConfigurationName = Release;
		};
		04E4DD7529E10958003E55A7 /* Build configuration list for PBXNativeTarget "GPTTest" */ = {
			isa = XCConfigurationList;
			buildConfigurations = (
				04E4DD7629E10958003E55A7 /* Debug */,
				04E4DD7729E10958003E55A7 /* Release */,
			);
			defaultConfigurationIsVisible = 0;
			defaultConfigurationName = Release;
		};
/* End XCConfigurationList section */
	};
	rootObject = 04E4DD5929E10957003E55A7 /* Project object */;
}
